// !$*UTF8*$!
{
	archiveVersion = 1;
	classes = {
	};
	objectVersion = 55;
	objects = {

/* Begin PBXFileReference section */
		B798F3F727AC80C9002815A9 /* README.md */ = {isa = PBXFileReference; lastKnownFileType = net.daringfireball.markdown; path = README.md; sourceTree = "<group>"; };
		B798F3F827AC81E0002815A9 /* second-file.rtf */ = {isa = PBXFileReference; lastKnownFileType = text.rtf; path = "second-file.rtf"; sourceTree = "<group>"; };
/* End PBXFileReference section */

/* Begin PBXGroup section */
		B798F3F027AC80BB002815A9 = {
			isa = PBXGroup;
			children = (
				B798F3F827AC81E0002815A9 /* second-file.rtf */,
				B798F3F727AC80C9002815A9 /* README.md */,
			);
			sourceTree = "<group>";
		};
/* End PBXGroup section */

/* Begin PBXProject section */
		B798F3F127AC80BB002815A9 /* Project object */ = {
			isa = PBXProject;
			attributes = {
				BuildIndependentTargetsInParallel = 1;
				LastUpgradeCheck = 1320;
			};
			buildConfigurationList = B798F3F427AC80BB002815A9 /* Build configuration list for PBXProject "ENSE 271" */;
			compatibilityVersion = "Xcode 13.0";
			developmentRegion = en;
			hasScannedForEncodings = 0;
			knownRegions = (
				en,
				Base,
			);
			mainGroup = B798F3F027AC80BB002815A9;
			projectDirPath = "";
			projectRoot = "";
			targets = (
			);
		};
/* End PBXProject section */

/* Begin XCBuildConfiguration section */
		B798F3F527AC80BB002815A9 /* Debug */ = {
			isa = XCBuildConfiguration;
			buildSettings = {
			};
			name = Debug;
		};
		B798F3F627AC80BB002815A9 /* Release */ = {
			isa = XCBuildConfiguration;
			buildSettings = {
			};
			name = Release;
		};
/* End XCBuildConfiguration section */

/* Begin XCConfigurationList section */
		B798F3F427AC80BB002815A9 /* Build configuration list for PBXProject "ENSE 271" */ = {
			isa = XCConfigurationList;
			buildConfigurations = (
				B798F3F527AC80BB002815A9 /* Debug */,
				B798F3F627AC80BB002815A9 /* Release */,
			);
			defaultConfigurationIsVisible = 0;
			defaultConfigurationName = Release;
		};
/* End XCConfigurationList section */
	};
	rootObject = B798F3F127AC80BB002815A9 /* Project object */;
}
